
Microsoft Visual Studio Solution File, Format Version 12.00
# Visual Studio Version 17
VisualStudioVersion = 17.11.35222.181
MinimumVisualStudioVersion = 10.0.40219.1
Project("{FAE04EC0-301F-11D3-BF4B-00C04F79EFBC}") = "project7", "project7.csproj", "{96E4EC3D-ABF4-4A49-B092-BA29AD2B0691}"
EndProject
Global
	GlobalSection(SolutionConfigurationPlatforms) = preSolution
		Debug|Any CPU = Debug|Any CPU
		Release|Any CPU = Release|Any CPU
	EndGlobalSection
	GlobalSection(ProjectConfigurationPlatforms) = postSolution
		{96E4EC3D-ABF4-4A49-B092-BA29AD2B0691}.Debug|Any CPU.ActiveCfg = Debug|Any CPU
		{96E4EC3D-ABF4-4A49-B092-BA29AD2B0691}.Debug|Any CPU.Build.0 = Debug|Any CPU
		{96E4EC3D-ABF4-4A49-B092-BA29AD2B0691}.Release|Any CPU.ActiveCfg = Release|Any CPU
		{96E4EC3D-ABF4-4A49-B092-BA29AD2B0691}.Release|Any CPU.Build.0 = Release|Any CPU
	EndGlobalSection
	GlobalSection(SolutionProperties) = preSolution
		HideSolutionNode = FALSE
	EndGlobalSection
	GlobalSection(ExtensibilityGlobals) = postSolution
		SolutionGuid = {1C2B0B17-4E5B-42A1-A5D9-62566777C529}
	EndGlobalSection
EndGlobal
